# THIS IS AN AUTOGENERATED FILE. DO NOT EDIT THIS FILE DIRECTLY.
# yarn lockfile v1


"@rescript/darwin-arm64@12.0.0-alpha.14":
  version "12.0.0-alpha.14"
  resolved "https://registry.yarnpkg.com/@rescript/darwin-arm64/-/darwin-arm64-12.0.0-alpha.14.tgz#53ebf0a8a6ba807187b51a334176a977e1eee829"
  integrity sha512-yrScC0FvAjQ2B1EnC8EbwRZX8tTEtyiRXLNCOlqOPcmTKXBr7KHknV2MsKqsn4kgmm29/ERZ0zyP4xHh2ookAw==

"@rescript/darwin-x64@12.0.0-alpha.14":
  version "12.0.0-alpha.14"
  resolved "https://registry.yarnpkg.com/@rescript/darwin-x64/-/darwin-x64-12.0.0-alpha.14.tgz#50060139c8afed24c837a0aad3b01c877b9eb4cf"
  integrity sha512-O2pyYtyZFfPXq4U5PCe0hwAdQwdAjjQMY0rAoAqcoI/DIcRIpEc4y/7z6rK9Izig4qBZuQl0z33KKAYPuq6l5g==

"@rescript/linux-arm64@12.0.0-alpha.14":
  version "12.0.0-alpha.14"
  resolved "https://registry.yarnpkg.com/@rescript/linux-arm64/-/linux-arm64-12.0.0-alpha.14.tgz#86cf74d52a7da8920f1a30692f5742d38f54edd1"
  integrity sha512-pd3LKwojp02wrq9x32ALiIMlfbcTYedQahiaLCIPLVhOb03YEANd1NHwEyyqm81LdpIK190yA3yiJ3Mi1afWFA==

"@rescript/linux-x64@12.0.0-alpha.14":
  version "12.0.0-alpha.14"
  resolved "https://registry.yarnpkg.com/@rescript/linux-x64/-/linux-x64-12.0.0-alpha.14.tgz#41e85a0c512a55be9e5d3b21be6ff5fa867ef95e"
  integrity sha512-vgXn4WiP1JJVvzGxWihxUPfiCYp8y5uvBO/DxDh+yQ2hivkZYkxTQjG6psd9oRbtoY2OPxl7J9S/7abhUznAOQ==

"@rescript/win32-x64@12.0.0-alpha.14":
  version "12.0.0-alpha.14"
  resolved "https://registry.yarnpkg.com/@rescript/win32-x64/-/win32-x64-12.0.0-alpha.14.tgz#9e2f3032ca2241e96d18175d19430b6593b5c995"
  integrity sha512-iEnGhXiJhb7Nf8d6QDswCMlEubeh/YO4I5e022u4lm1t9aaBw/r89flDRsewe4b49i6KkSuoWzNG1uFtxIEwdA==

rescript@^12.0.0-alpha.14:
  version "12.0.0-alpha.14"
  resolved "https://registry.yarnpkg.com/rescript/-/rescript-12.0.0-alpha.14.tgz#208cfe1f36299fd3c5cbd6abdd2342d0442f1aa0"
  integrity sha512-1Cxy0BHi3T1Yq+whl5sVOSMRsB6+NdnX7RbQ0jeXQOBvo3rGHsJ/hXoOqZPacbTDIsBNJNuTyBK74CYrEJynLg==
  optionalDependencies:
    "@rescript/darwin-arm64" "12.0.0-alpha.14"
    "@rescript/darwin-x64" "12.0.0-alpha.14"
    "@rescript/linux-arm64" "12.0.0-alpha.14"
    "@rescript/linux-x64" "12.0.0-alpha.14"
    "@rescript/win32-x64" "12.0.0-alpha.14"
